// !$*UTF8*$!
{
	archiveVersion = 1;
	classes = {
	};
	objectVersion = 56;
	objects = {

/* Begin PBXBuildFile section */
		B2E376292925C7FE00A9BB05 /* AppDelegate.swift in Sources */ = {isa = PBXBuildFile; fileRef = B2E376282925C7FE00A9BB05 /* AppDelegate.swift */; };
		B2E3762B2925C7FE00A9BB05 /* ViewController.swift in Sources */ = {isa = PBXBuildFile; fileRef = B2E3762A2925C7FE00A9BB05 /* ViewController.swift */; };
		B2E376302925C7FE00A9BB05 /* Main.storyboard in Resources */ = {isa = PBXBuildFile; fileRef = B2E3762E2925C7FE00A9BB05 /* Main.storyboard */; };
		B2E376322925C7FF00A9BB05 /* Assets.xcassets in Resources */ = {isa = PBXBuildFile; fileRef = B2E376312925C7FF00A9BB05 /* Assets.xcassets */; };
		B2E376352925C7FF00A9BB05 /* LaunchScreen.storyboard in Resources */ = {isa = PBXBuildFile; fileRef = B2E376332925C7FF00A9BB05 /* LaunchScreen.storyboard */; };
		B2E3763F2925C7FF00A9BB05 /* ar_testingTests.swift in Sources */ = {isa = PBXBuildFile; fileRef = B2E3763E2925C7FF00A9BB05 /* ar_testingTests.swift */; };
		B2E376492925C7FF00A9BB05 /* ar_testingUITests.swift in Sources */ = {isa = PBXBuildFile; fileRef = B2E376482925C7FF00A9BB05 /* ar_testingUITests.swift */; };
		B2E3764B2925C7FF00A9BB05 /* ar_testingUITestsLaunchTests.swift in Sources */ = {isa = PBXBuildFile; fileRef = B2E3764A2925C7FF00A9BB05 /* ar_testingUITestsLaunchTests.swift */; };
		B2E376582925C96800A9BB05 /* TinyToyTank.rcproject in Sources */ = {isa = PBXBuildFile; fileRef = B2E376572925C96800A9BB05 /* TinyToyTank.rcproject */; };
/* End PBXBuildFile section */

/* Begin PBXContainerItemProxy section */
		B2E3763B2925C7FF00A9BB05 /* PBXContainerItemProxy */ = {
			isa = PBXContainerItemProxy;
			containerPortal = B2E3761D2925C7FE00A9BB05 /* Project object */;
			proxyType = 1;
			remoteGlobalIDString = B2E376242925C7FE00A9BB05;
			remoteInfo = ar_testing;
		};
		B2E376452925C7FF00A9BB05 /* PBXContainerItemProxy */ = {
			isa = PBXContainerItemProxy;
			containerPortal = B2E3761D2925C7FE00A9BB05 /* Project object */;
			proxyType = 1;
			remoteGlobalIDString = B2E376242925C7FE00A9BB05;
			remoteInfo = ar_testing;
		};
/* End PBXContainerItemProxy section */

/* Begin PBXFileReference section */
		B2E376252925C7FE00A9BB05 /* ar_testing.app */ = {isa = PBXFileReference; explicitFileType = wrapper.application; includeInIndex = 0; path = ar_testing.app; sourceTree = BUILT_PRODUCTS_DIR; };
		B2E376282925C7FE00A9BB05 /* AppDelegate.swift */ = {isa = PBXFileReference; lastKnownFileType = sourcecode.swift; path = AppDelegate.swift; sourceTree = "<group>"; };
		B2E3762A2925C7FE00A9BB05 /* ViewController.swift */ = {isa = PBXFileReference; lastKnownFileType = sourcecode.swift; path = ViewController.swift; sourceTree = "<group>"; };
		B2E3762F2925C7FE00A9BB05 /* Base */ = {isa = PBXFileReference; lastKnownFileType = file.storyboard; name = Base; path = Base.lproj/Main.storyboard; sourceTree = "<group>"; };
		B2E376312925C7FF00A9BB05 /* Assets.xcassets */ = {isa = PBXFileReference; lastKnownFileType = folder.assetcatalog; path = Assets.xcassets; sourceTree = "<group>"; };
		B2E376342925C7FF00A9BB05 /* Base */ = {isa = PBXFileReference; lastKnownFileType = file.storyboard; name = Base; path = Base.lproj/LaunchScreen.storyboard; sourceTree = "<group>"; };
		B2E3763A2925C7FF00A9BB05 /* ar_testingTests.xctest */ = {isa = PBXFileReference; explicitFileType = wrapper.cfbundle; includeInIndex = 0; path = ar_testingTests.xctest; sourceTree = BUILT_PRODUCTS_DIR; };
		B2E3763E2925C7FF00A9BB05 /* ar_testingTests.swift */ = {isa = PBXFileReference; lastKnownFileType = sourcecode.swift; path = ar_testingTests.swift; sourceTree = "<group>"; };
		B2E376442925C7FF00A9BB05 /* ar_testingUITests.xctest */ = {isa = PBXFileReference; explicitFileType = wrapper.cfbundle; includeInIndex = 0; path = ar_testingUITests.xctest; sourceTree = BUILT_PRODUCTS_DIR; };
		B2E376482925C7FF00A9BB05 /* ar_testingUITests.swift */ = {isa = PBXFileReference; lastKnownFileType = sourcecode.swift; path = ar_testingUITests.swift; sourceTree = "<group>"; };
		B2E3764A2925C7FF00A9BB05 /* ar_testingUITestsLaunchTests.swift */ = {isa = PBXFileReference; lastKnownFileType = sourcecode.swift; path = ar_testingUITestsLaunchTests.swift; sourceTree = "<group>"; };
		B2E376572925C96800A9BB05 /* TinyToyTank.rcproject */ = {isa = PBXFileReference; lastKnownFileType = file.rcproject; path = TinyToyTank.rcproject; sourceTree = "<group>"; };
/* End PBXFileReference section */

/* Begin PBXFrameworksBuildPhase section */
		B2E376222925C7FE00A9BB05 /* Frameworks */ = {
			isa = PBXFrameworksBuildPhase;
			buildActionMask = 2147483647;
			files = (
			);
			runOnlyForDeploymentPostprocessing = 0;
		};
		B2E376372925C7FF00A9BB05 /* Frameworks */ = {
			isa = PBXFrameworksBuildPhase;
			buildActionMask = 2147483647;
			files = (
			);
			runOnlyForDeploymentPostprocessing = 0;
		};
		B2E376412925C7FF00A9BB05 /* Frameworks */ = {
			isa = PBXFrameworksBuildPhase;
			buildActionMask = 2147483647;
			files = (
			);
			runOnlyForDeploymentPostprocessing = 0;
		};
/* End PBXFrameworksBuildPhase section */

/* Begin PBXGroup section */
		B2E3761C2925C7FE00A9BB05 = {
			isa = PBXGroup;
			children = (
				B2E376272925C7FE00A9BB05 /* ar_testing */,
				B2E3763D2925C7FF00A9BB05 /* ar_testingTests */,
				B2E376472925C7FF00A9BB05 /* ar_testingUITests */,
				B2E376262925C7FE00A9BB05 /* Products */,
			);
			sourceTree = "<group>";
		};
		B2E376262925C7FE00A9BB05 /* Products */ = {
			isa = PBXGroup;
			children = (
				B2E376252925C7FE00A9BB05 /* ar_testing.app */,
				B2E3763A2925C7FF00A9BB05 /* ar_testingTests.xctest */,
				B2E376442925C7FF00A9BB05 /* ar_testingUITests.xctest */,
			);
			name = Products;
			sourceTree = "<group>";
		};
		B2E376272925C7FE00A9BB05 /* ar_testing */ = {
			isa = PBXGroup;
			children = (
				B2E376282925C7FE00A9BB05 /* AppDelegate.swift */,
				B2E3762A2925C7FE00A9BB05 /* ViewController.swift */,
				B2E376572925C96800A9BB05 /* TinyToyTank.rcproject */,
				B2E3762E2925C7FE00A9BB05 /* Main.storyboard */,
				B2E376312925C7FF00A9BB05 /* Assets.xcassets */,
				B2E376332925C7FF00A9BB05 /* LaunchScreen.storyboard */,
			);
			path = ar_testing;
			sourceTree = "<group>";
		};
		B2E3763D2925C7FF00A9BB05 /* ar_testingTests */ = {
			isa = PBXGroup;
			children = (
				B2E3763E2925C7FF00A9BB05 /* ar_testingTests.swift */,
			);
			path = ar_testingTests;
			sourceTree = "<group>";
		};
		B2E376472925C7FF00A9BB05 /* ar_testingUITests */ = {
			isa = PBXGroup;
			children = (
				B2E376482925C7FF00A9BB05 /* ar_testingUITests.swift */,
				B2E3764A2925C7FF00A9BB05 /* ar_testingUITestsLaunchTests.swift */,
			);
			path = ar_testingUITests;
			sourceTree = "<group>";
		};
/* End PBXGroup section */

/* Begin PBXNativeTarget section */
		B2E376242925C7FE00A9BB05 /* ar_testing */ = {
			isa = PBXNativeTarget;
			buildConfigurationList = B2E3764E2925C7FF00A9BB05 /* Build configuration list for PBXNativeTarget "ar_testing" */;
			buildPhases = (
				B2E376212925C7FE00A9BB05 /* Sources */,
				B2E376222925C7FE00A9BB05 /* Frameworks */,
				B2E376232925C7FE00A9BB05 /* Resources */,
			);
			buildRules = (
			);
			dependencies = (
			);
			name = ar_testing;
			productName = ar_testing;
			productReference = B2E376252925C7FE00A9BB05 /* ar_testing.app */;
			productType = "com.apple.product-type.application";
		};
		B2E376392925C7FF00A9BB05 /* ar_testingTests */ = {
			isa = PBXNativeTarget;
			buildConfigurationList = B2E376512925C7FF00A9BB05 /* Build configuration list for PBXNativeTarget "ar_testingTests" */;
			buildPhases = (
				B2E376362925C7FF00A9BB05 /* Sources */,
				B2E376372925C7FF00A9BB05 /* Frameworks */,
				B2E376382925C7FF00A9BB05 /* Resources */,
			);
			buildRules = (
			);
			dependencies = (
				B2E3763C2925C7FF00A9BB05 /* PBXTargetDependency */,
			);
			name = ar_testingTests;
			productName = ar_testingTests;
			productReference = B2E3763A2925C7FF00A9BB05 /* ar_testingTests.xctest */;
			productType = "com.apple.product-type.bundle.unit-test";
		};
		B2E376432925C7FF00A9BB05 /* ar_testingUITests */ = {
			isa = PBXNativeTarget;
			buildConfigurationList = B2E376542925C7FF00A9BB05 /* Build configuration list for PBXNativeTarget "ar_testingUITests" */;
			buildPhases = (
				B2E376402925C7FF00A9BB05 /* Sources */,
				B2E376412925C7FF00A9BB05 /* Frameworks */,
				B2E376422925C7FF00A9BB05 /* Resources */,
			);
			buildRules = (
			);
			dependencies = (
				B2E376462925C7FF00A9BB05 /* PBXTargetDependency */,
			);
			name = ar_testingUITests;
			productName = ar_testingUITests;
			productReference = B2E376442925C7FF00A9BB05 /* ar_testingUITests.xctest */;
			productType = "com.apple.product-type.bundle.ui-testing";
		};
/* End PBXNativeTarget section */

/* Begin PBXProject section */
		B2E3761D2925C7FE00A9BB05 /* Project object */ = {
			isa = PBXProject;
			attributes = {
				BuildIndependentTargetsInParallel = 1;
				LastSwiftUpdateCheck = 1410;
				LastUpgradeCheck = 1410;
				TargetAttributes = {
					B2E376242925C7FE00A9BB05 = {
						CreatedOnToolsVersion = 14.1;
					};
					B2E376392925C7FF00A9BB05 = {
						CreatedOnToolsVersion = 14.1;
						TestTargetID = B2E376242925C7FE00A9BB05;
					};
					B2E376432925C7FF00A9BB05 = {
						CreatedOnToolsVersion = 14.1;
						TestTargetID = B2E376242925C7FE00A9BB05;
					};
				};
			};
			buildConfigurationList = B2E376202925C7FE00A9BB05 /* Build configuration list for PBXProject "ar_testing" */;
			compatibilityVersion = "Xcode 14.0";
			developmentRegion = en;
			hasScannedForEncodings = 0;
			knownRegions = (
				en,
				Base,
			);
			mainGroup = B2E3761C2925C7FE00A9BB05;
			productRefGroup = B2E376262925C7FE00A9BB05 /* Products */;
			projectDirPath = "";
			projectRoot = "";
			targets = (
				B2E376242925C7FE00A9BB05 /* ar_testing */,
				B2E376392925C7FF00A9BB05 /* ar_testingTests */,
				B2E376432925C7FF00A9BB05 /* ar_testingUITests */,
			);
		};
/* End PBXProject section */

/* Begin PBXResourcesBuildPhase section */
		B2E376232925C7FE00A9BB05 /* Resources */ = {
			isa = PBXResourcesBuildPhase;
			buildActionMask = 2147483647;
			files = (
				B2E376352925C7FF00A9BB05 /* LaunchScreen.storyboard in Resources */,
				B2E376322925C7FF00A9BB05 /* Assets.xcassets in Resources */,
				B2E376302925C7FE00A9BB05 /* Main.storyboard in Resources */,
			);
			runOnlyForDeploymentPostprocessing = 0;
		};
		B2E376382925C7FF00A9BB05 /* Resources */ = {
			isa = PBXResourcesBuildPhase;
			buildActionMask = 2147483647;
			files = (
			);
			runOnlyForDeploymentPostprocessing = 0;
		};
		B2E376422925C7FF00A9BB05 /* Resources */ = {
			isa = PBXResourcesBuildPhase;
			buildActionMask = 2147483647;
			files = (
			);
			runOnlyForDeploymentPostprocessing = 0;
		};
/* End PBXResourcesBuildPhase section */

/* Begin PBXSourcesBuildPhase section */
		B2E376212925C7FE00A9BB05 /* Sources */ = {
			isa = PBXSourcesBuildPhase;
			buildActionMask = 2147483647;
			files = (
				B2E3762B2925C7FE00A9BB05 /* ViewController.swift in Sources */,
				B2E376582925C96800A9BB05 /* TinyToyTank.rcproject in Sources */,
				B2E376292925C7FE00A9BB05 /* AppDelegate.swift in Sources */,
			);
			runOnlyForDeploymentPostprocessing = 0;
		};
		B2E376362925C7FF00A9BB05 /* Sources */ = {
			isa = PBXSourcesBuildPhase;
			buildActionMask = 2147483647;
			files = (
				B2E3763F2925C7FF00A9BB05 /* ar_testingTests.swift in Sources */,
			);
			runOnlyForDeploymentPostprocessing = 0;
		};
		B2E376402925C7FF00A9BB05 /* Sources */ = {
			isa = PBXSourcesBuildPhase;
			buildActionMask = 2147483647;
			files = (
				B2E3764B2925C7FF00A9BB05 /* ar_testingUITestsLaunchTests.swift in Sources */,
				B2E376492925C7FF00A9BB05 /* ar_testingUITests.swift in Sources */,
			);
			runOnlyForDeploymentPostprocessing = 0;
		};
/* End PBXSourcesBuildPhase section */

/* Begin PBXTargetDependency section */
		B2E3763C2925C7FF00A9BB05 /* PBXTargetDependency */ = {
			isa = PBXTargetDependency;
			target = B2E376242925C7FE00A9BB05 /* ar_testing */;
			targetProxy = B2E3763B2925C7FF00A9BB05 /* PBXContainerItemProxy */;
		};
		B2E376462925C7FF00A9BB05 /* PBXTargetDependency */ = {
			isa = PBXTargetDependency;
			target = B2E376242925C7FE00A9BB05 /* ar_testing */;
			targetProxy = B2E376452925C7FF00A9BB05 /* PBXContainerItemProxy */;
		};
/* End PBXTargetDependency section */

/* Begin PBXVariantGroup section */
		B2E3762E2925C7FE00A9BB05 /* Main.storyboard */ = {
			isa = PBXVariantGroup;
			children = (
				B2E3762F2925C7FE00A9BB05 /* Base */,
			);
			name = Main.storyboard;
			sourceTree = "<group>";
		};
		B2E376332925C7FF00A9BB05 /* LaunchScreen.storyboard */ = {
			isa = PBXVariantGroup;
			children = (
				B2E376342925C7FF00A9BB05 /* Base */,
			);
			name = LaunchScreen.storyboard;
			sourceTree = "<group>";
		};
/* End PBXVariantGroup section */

/* Begin XCBuildConfiguration section */
		B2E3764C2925C7FF00A9BB05 /* Debug */ = {
			isa = XCBuildConfiguration;
			buildSettings = {
				ALWAYS_SEARCH_USER_PATHS = NO;
				CLANG_ANALYZER_NONNULL = YES;
				CLANG_ANALYZER_NUMBER_OBJECT_CONVERSION = YES_AGGRESSIVE;
				CLANG_CXX_LANGUAGE_STANDARD = "gnu++20";
				CLANG_ENABLE_MODULES = YES;
				CLANG_ENABLE_OBJC_ARC = YES;
				CLANG_ENABLE_OBJC_WEAK = YES;
				CLANG_WARN_BLOCK_CAPTURE_AUTORELEASING = YES;
				CLANG_WARN_BOOL_CONVERSION = YES;
				CLANG_WARN_COMMA = YES;
				CLANG_WARN_CONSTANT_CONVERSION = YES;
				CLANG_WARN_DEPRECATED_OBJC_IMPLEMENTATIONS = YES;
				CLANG_WARN_DIRECT_OBJC_ISA_USAGE = YES_ERROR;
				CLANG_WARN_DOCUMENTATION_COMMENTS = YES;
				CLANG_WARN_EMPTY_BODY = YES;
				CLANG_WARN_ENUM_CONVERSION = YES;
				CLANG_WARN_INFINITE_RECURSION = YES;
				CLANG_WARN_INT_CONVERSION = YES;
				CLANG_WARN_NON_LITERAL_NULL_CONVERSION = YES;
				CLANG_WARN_OBJC_IMPLICIT_RETAIN_SELF = YES;
				CLANG_WARN_OBJC_LITERAL_CONVERSION = YES;
				CLANG_WARN_OBJC_ROOT_CLASS = YES_ERROR;
				CLANG_WARN_QUOTED_INCLUDE_IN_FRAMEWORK_HEADER = YES;
				CLANG_WARN_RANGE_LOOP_ANALYSIS = YES;
				CLANG_WARN_STRICT_PROTOTYPES = YES;
				CLANG_WARN_SUSPICIOUS_MOVE = YES;
				CLANG_WARN_UNGUARDED_AVAILABILITY = YES_AGGRESSIVE;
				CLANG_WARN_UNREACHABLE_CODE = YES;
				CLANG_WARN__DUPLICATE_METHOD_MATCH = YES;
				COPY_PHASE_STRIP = NO;
				DEBUG_INFORMATION_FORMAT = dwarf;
				ENABLE_STRICT_OBJC_MSGSEND = YES;
				ENABLE_TESTABILITY = YES;
				GCC_C_LANGUAGE_STANDARD = gnu11;
				GCC_DYNAMIC_NO_PIC = NO;
				GCC_NO_COMMON_BLOCKS = YES;
				GCC_OPTIMIZATION_LEVEL = 0;
				GCC_PREPROCESSOR_DEFINITIONS = (
					"DEBUG=1",
					"$(inherited)",
				);
				GCC_WARN_64_TO_32_BIT_CONVERSION = YES;
				GCC_WARN_ABOUT_RETURN_TYPE = YES_ERROR;
				GCC_WARN_UNDECLARED_SELECTOR = YES;
				GCC_WARN_UNINITIALIZED_AUTOS = YES_AGGRESSIVE;
				GCC_WARN_UNUSED_FUNCTION = YES;
				GCC_WARN_UNUSED_VARIABLE = YES;
				IPHONEOS_DEPLOYMENT_TARGET = 16.1;
				MTL_ENABLE_DEBUG_INFO = INCLUDE_SOURCE;
				MTL_FAST_MATH = YES;
				ONLY_ACTIVE_ARCH = YES;
				SDKROOT = iphoneos;
				SWIFT_ACTIVE_COMPILATION_CONDITIONS = DEBUG;
				SWIFT_OPTIMIZATION_LEVEL = "-Onone";
			};
			name = Debug;
		};
		B2E3764D2925C7FF00A9BB05 /* Release */ = {
			isa = XCBuildConfiguration;
			buildSettings = {
				ALWAYS_SEARCH_USER_PATHS = NO;
				CLANG_ANALYZER_NONNULL = YES;
				CLANG_ANALYZER_NUMBER_OBJECT_CONVERSION = YES_AGGRESSIVE;
				CLANG_CXX_LANGUAGE_STANDARD = "gnu++20";
				CLANG_ENABLE_MODULES = YES;
				CLANG_ENABLE_OBJC_ARC = YES;
				CLANG_ENABLE_OBJC_WEAK = YES;
				CLANG_WARN_BLOCK_CAPTURE_AUTORELEASING = YES;
				CLANG_WARN_BOOL_CONVERSION = YES;
				CLANG_WARN_COMMA = YES;
				CLANG_WARN_CONSTANT_CONVERSION = YES;
				CLANG_WARN_DEPRECATED_OBJC_IMPLEMENTATIONS = YES;
				CLANG_WARN_DIRECT_OBJC_ISA_USAGE = YES_ERROR;
				CLANG_WARN_DOCUMENTATION_COMMENTS = YES;
				CLANG_WARN_EMPTY_BODY = YES;
				CLANG_WARN_ENUM_CONVERSION = YES;
				CLANG_WARN_INFINITE_RECURSION = YES;
				CLANG_WARN_INT_CONVERSION = YES;
				CLANG_WARN_NON_LITERAL_NULL_CONVERSION = YES;
				CLANG_WARN_OBJC_IMPLICIT_RETAIN_SELF = YES;
				CLANG_WARN_OBJC_LITERAL_CONVERSION = YES;
				CLANG_WARN_OBJC_ROOT_CLASS = YES_ERROR;
				CLANG_WARN_QUOTED_INCLUDE_IN_FRAMEWORK_HEADER = YES;
				CLANG_WARN_RANGE_LOOP_ANALYSIS = YES;
				CLANG_WARN_STRICT_PROTOTYPES = YES;
				CLANG_WARN_SUSPICIOUS_MOVE = YES;
				CLANG_WARN_UNGUARDED_AVAILABILITY = YES_AGGRESSIVE;
				CLANG_WARN_UNREACHABLE_CODE = YES;
				CLANG_WARN__DUPLICATE_METHOD_MATCH = YES;
				COPY_PHASE_STRIP = NO;
				DEBUG_INFORMATION_FORMAT = "dwarf-with-dsym";
				ENABLE_NS_ASSERTIONS = NO;
				ENABLE_STRICT_OBJC_MSGSEND = YES;
				GCC_C_LANGUAGE_STANDARD = gnu11;
				GCC_NO_COMMON_BLOCKS = YES;
				GCC_WARN_64_TO_32_BIT_CONVERSION = YES;
				GCC_WARN_ABOUT_RETURN_TYPE = YES_ERROR;
				GCC_WARN_UNDECLARED_SELECTOR = YES;
				GCC_WARN_UNINITIALIZED_AUTOS = YES_AGGRESSIVE;
				GCC_WARN_UNUSED_FUNCTION = YES;
				GCC_WARN_UNUSED_VARIABLE = YES;
				IPHONEOS_DEPLOYMENT_TARGET = 16.1;
				MTL_ENABLE_DEBUG_INFO = NO;
				MTL_FAST_MATH = YES;
				SDKROOT = iphoneos;
				SWIFT_COMPILATION_MODE = wholemodule;
				SWIFT_OPTIMIZATION_LEVEL = "-O";
				VALIDATE_PRODUCT = YES;
			};
			name = Release;
		};
		B2E3764F2925C7FF00A9BB05 /* Debug */ = {
			isa = XCBuildConfiguration;
			buildSettings = {
				ASSETCATALOG_COMPILER_APPICON_NAME = AppIcon;
				ASSETCATALOG_COMPILER_GLOBAL_ACCENT_COLOR_NAME = AccentColor;
				CODE_SIGN_STYLE = Automatic;
				CURRENT_PROJECT_VERSION = 1;
				DEVELOPMENT_TEAM = DU3D4F5E33;
				GENERATE_INFOPLIST_FILE = YES;
				INFOPLIST_KEY_NSCameraUsageDescription = "AR Experience needs camera access";
				INFOPLIST_KEY_UIApplicationSupportsIndirectInputEvents = YES;
				INFOPLIST_KEY_UILaunchStoryboardName = LaunchScreen;
				INFOPLIST_KEY_UIMainStoryboardFile = Main;
				INFOPLIST_KEY_UIRequiredDeviceCapabilities = arkit;
				INFOPLIST_KEY_UIStatusBarHidden = YES;
				INFOPLIST_KEY_UISupportedInterfaceOrientations_iPad = "UIInterfaceOrientationPortrait UIInterfaceOrientationPortraitUpsideDown UIInterfaceOrientationLandscapeLeft UIInterfaceOrientationLandscapeRight";
				INFOPLIST_KEY_UISupportedInterfaceOrientations_iPhone = "UIInterfaceOrientationPortrait UIInterfaceOrientationLandscapeLeft UIInterfaceOrientationLandscapeRight";
				IPHONEOS_DEPLOYMENT_TARGET = 16.0;
				LD_RUNPATH_SEARCH_PATHS = (
					"$(inherited)",
					"@executable_path/Frameworks",
				);
				MARKETING_VERSION = 1.0;
				PRODUCT_BUNDLE_IDENTIFIER = "amznss.ar-testing";
				PRODUCT_NAME = "$(TARGET_NAME)";
				SWIFT_EMIT_LOC_STRINGS = YES;
				SWIFT_VERSION = 5.0;
				TARGETED_DEVICE_FAMILY = "1,2";
			};
			name = Debug;
		};
		B2E376502925C7FF00A9BB05 /* Release */ = {
			isa = XCBuildConfiguration;
			buildSettings = {
				ASSETCATALOG_COMPILER_APPICON_NAME = AppIcon;
				ASSETCATALOG_COMPILER_GLOBAL_ACCENT_COLOR_NAME = AccentColor;
				CODE_SIGN_STYLE = Automatic;
				CURRENT_PROJECT_VERSION = 1;
				DEVELOPMENT_TEAM = DU3D4F5E33;
				GENERATE_INFOPLIST_FILE = YES;
				INFOPLIST_KEY_NSCameraUsageDescription = "AR Experience needs camera access";
				INFOPLIST_KEY_UIApplicationSupportsIndirectInputEvents = YES;
				INFOPLIST_KEY_UILaunchStoryboardName = LaunchScreen;
				INFOPLIST_KEY_UIMainStoryboardFile = Main;
				INFOPLIST_KEY_UIRequiredDeviceCapabilities = arkit;
				INFOPLIST_KEY_UIStatusBarHidden = YES;
				INFOPLIST_KEY_UISupportedInterfaceOrientations_iPad = "UIInterfaceOrientationPortrait UIInterfaceOrientationPortraitUpsideDown UIInterfaceOrientationLandscapeLeft UIInterfaceOrientationLandscapeRight";
				INFOPLIST_KEY_UISupportedInterfaceOrientations_iPhone = "UIInterfaceOrientationPortrait UIInterfaceOrientationLandscapeLeft UIInterfaceOrientationLandscapeRight";
				IPHONEOS_DEPLOYMENT_TARGET = 16.0;
				LD_RUNPATH_SEARCH_PATHS = (
					"$(inherited)",
					"@executable_path/Frameworks",
				);
				MARKETING_VERSION = 1.0;
				PRODUCT_BUNDLE_IDENTIFIER = "amznss.ar-testing";
				PRODUCT_NAME = "$(TARGET_NAME)";
				SWIFT_EMIT_LOC_STRINGS = YES;
				SWIFT_VERSION = 5.0;
				TARGETED_DEVICE_FAMILY = "1,2";
			};
			name = Release;
		};
		B2E376522925C7FF00A9BB05 /* Debug */ = {
			isa = XCBuildConfiguration;
			buildSettings = {
				ALWAYS_EMBED_SWIFT_STANDARD_LIBRARIES = YES;
				BUNDLE_LOADER = "$(TEST_HOST)";
				CODE_SIGN_STYLE = Automatic;
				CURRENT_PROJECT_VERSION = 1;
				DEVELOPMENT_TEAM = DU3D4F5E33;
				GENERATE_INFOPLIST_FILE = YES;
				IPHONEOS_DEPLOYMENT_TARGET = 16.1;
				MARKETING_VERSION = 1.0;
				PRODUCT_BUNDLE_IDENTIFIER = "amznss.ar-testingTests";
				PRODUCT_NAME = "$(TARGET_NAME)";
				SWIFT_EMIT_LOC_STRINGS = NO;
				SWIFT_VERSION = 5.0;
				TARGETED_DEVICE_FAMILY = "1,2";
				TEST_HOST = "$(BUILT_PRODUCTS_DIR)/ar_testing.app/$(BUNDLE_EXECUTABLE_FOLDER_PATH)/ar_testing";
			};
			name = Debug;
		};
		B2E376532925C7FF00A9BB05 /* Release */ = {
			isa = XCBuildConfiguration;
			buildSettings = {
				ALWAYS_EMBED_SWIFT_STANDARD_LIBRARIES = YES;
				BUNDLE_LOADER = "$(TEST_HOST)";
				CODE_SIGN_STYLE = Automatic;
				CURRENT_PROJECT_VERSION = 1;
				DEVELOPMENT_TEAM = DU3D4F5E33;
				GENERATE_INFOPLIST_FILE = YES;
				IPHONEOS_DEPLOYMENT_TARGET = 16.1;
				MARKETING_VERSION = 1.0;
				PRODUCT_BUNDLE_IDENTIFIER = "amznss.ar-testingTests";
				PRODUCT_NAME = "$(TARGET_NAME)";
				SWIFT_EMIT_LOC_STRINGS = NO;
				SWIFT_VERSION = 5.0;
				TARGETED_DEVICE_FAMILY = "1,2";
				TEST_HOST = "$(BUILT_PRODUCTS_DIR)/ar_testing.app/$(BUNDLE_EXECUTABLE_FOLDER_PATH)/ar_testing";
			};
			name = Release;
		};
		B2E376552925C7FF00A9BB05 /* Debug */ = {
			isa = XCBuildConfiguration;
			buildSettings = {
				ALWAYS_EMBED_SWIFT_STANDARD_LIBRARIES = YES;
				CODE_SIGN_STYLE = Automatic;
				CURRENT_PROJECT_VERSION = 1;
				DEVELOPMENT_TEAM = DU3D4F5E33;
				GENERATE_INFOPLIST_FILE = YES;
				MARKETING_VERSION = 1.0;
				PRODUCT_BUNDLE_IDENTIFIER = "amznss.ar-testingUITests";
				PRODUCT_NAME = "$(TARGET_NAME)";
				SWIFT_EMIT_LOC_STRINGS = NO;
				SWIFT_VERSION = 5.0;
				TARGETED_DEVICE_FAMILY = "1,2";
				TEST_TARGET_NAME = ar_testing;
			};
			name = Debug;
		};
		B2E376562925C7FF00A9BB05 /* Release */ = {
			isa = XCBuildConfiguration;
			buildSettings = {
				ALWAYS_EMBED_SWIFT_STANDARD_LIBRARIES = YES;
				CODE_SIGN_STYLE = Automatic;
				CURRENT_PROJECT_VERSION = 1;
				DEVELOPMENT_TEAM = DU3D4F5E33;
				GENERATE_INFOPLIST_FILE = YES;
				MARKETING_VERSION = 1.0;
				PRODUCT_BUNDLE_IDENTIFIER = "amznss.ar-testingUITests";
				PRODUCT_NAME = "$(TARGET_NAME)";
				SWIFT_EMIT_LOC_STRINGS = NO;
				SWIFT_VERSION = 5.0;
				TARGETED_DEVICE_FAMILY = "1,2";
				TEST_TARGET_NAME = ar_testing;
			};
			name = Release;
		};
/* End XCBuildConfiguration section */

/* Begin XCConfigurationList section */
		B2E376202925C7FE00A9BB05 /* Build configuration list for PBXProject "ar_testing" */ = {
			isa = XCConfigurationList;
			buildConfigurations = (
				B2E3764C2925C7FF00A9BB05 /* Debug */,
				B2E3764D2925C7FF00A9BB05 /* Release */,
			);
			defaultConfigurationIsVisible = 0;
			defaultConfigurationName = Release;
		};
		B2E3764E2925C7FF00A9BB05 /* Build configuration list for PBXNativeTarget "ar_testing" */ = {
			isa = XCConfigurationList;
			buildConfigurations = (
				B2E3764F2925C7FF00A9BB05 /* Debug */,
				B2E376502925C7FF00A9BB05 /* Release */,
			);
			defaultConfigurationIsVisible = 0;
			defaultConfigurationName = Release;
		};
		B2E376512925C7FF00A9BB05 /* Build configuration list for PBXNativeTarget "ar_testingTests" */ = {
			isa = XCConfigurationList;
			buildConfigurations = (
				B2E376522925C7FF00A9BB05 /* Debug */,
				B2E376532925C7FF00A9BB05 /* Release */,
			);
			defaultConfigurationIsVisible = 0;
			defaultConfigurationName = Release;
		};
		B2E376542925C7FF00A9BB05 /* Build configuration list for PBXNativeTarget "ar_testingUITests" */ = {
			isa = XCConfigurationList;
			buildConfigurations = (
				B2E376552925C7FF00A9BB05 /* Debug */,
				B2E376562925C7FF00A9BB05 /* Release */,
			);
			defaultConfigurationIsVisible = 0;
			defaultConfigurationName = Release;
		};
/* End XCConfigurationList section */
	};
	rootObject = B2E3761D2925C7FE00A9BB05 /* Project object */;
}
